
Microsoft Visual Studio Solution File, Format Version 12.00
# Visual Studio Version 16
VisualStudioVersion = 16.0.30907.101
MinimumVisualStudioVersion = 10.0.40219.1
Project("{9A19103F-16F7-4668-BE54-9A1E7A4F7556}") = "TechnicalChallengeApp", "TechnicalChallengeApp\TechnicalChallengeApp.csproj", "{7DC6CEB7-359F-4E79-B75A-F4BFA24036E9}"
EndProject
Project("{9A19103F-16F7-4668-BE54-9A1E7A4F7556}") = "TechnicalChallengeApp.DataRepository", "TechnicalChallengeApp.DataRepository\TechnicalChallengeApp.DataRepository.csproj", "{2BC9C97E-788A-46E3-A279-17542E10F52A}"
EndProject
Project("{9A19103F-16F7-4668-BE54-9A1E7A4F7556}") = "TechnicalChallengeApp.BusinessLogic", "TechnicalChallengeApp.BusinessLogic\TechnicalChallengeApp.BusinessLogic.csproj", "{037D9D98-5900-4BD8-8B3C-BA4EEBA3BD6E}"
EndProject
Project("{9A19103F-16F7-4668-BE54-9A1E7A4F7556}") = "TechnicalChallengeApp.Model", "TechnicalChallengeApp.Model\TechnicalChallengeApp.Model.csproj", "{84997227-0422-4436-89A2-8D593647FA3D}"
EndProject
Project("{2150E333-8FDC-42A3-9474-1A3956D46DE8}") = "Solution Items", "Solution Items", "{FD4730B7-2F92-444B-BDD9-DE27621CA09F}"
	ProjectSection(SolutionItems) = preProject
		StyleCop.ruleset = StyleCop.ruleset
	EndProjectSection
EndProject
Global
	GlobalSection(SolutionConfigurationPlatforms) = preSolution
		Debug|Any CPU = Debug|Any CPU
		Release|Any CPU = Release|Any CPU
	EndGlobalSection
	GlobalSection(ProjectConfigurationPlatforms) = postSolution
		{7DC6CEB7-359F-4E79-B75A-F4BFA24036E9}.Debug|Any CPU.ActiveCfg = Debug|Any CPU
		{7DC6CEB7-359F-4E79-B75A-F4BFA24036E9}.Debug|Any CPU.Build.0 = Debug|Any CPU
		{7DC6CEB7-359F-4E79-B75A-F4BFA24036E9}.Release|Any CPU.ActiveCfg = Release|Any CPU
		{7DC6CEB7-359F-4E79-B75A-F4BFA24036E9}.Release|Any CPU.Build.0 = Release|Any CPU
		{2BC9C97E-788A-46E3-A279-17542E10F52A}.Debug|Any CPU.ActiveCfg = Debug|Any CPU
		{2BC9C97E-788A-46E3-A279-17542E10F52A}.Debug|Any CPU.Build.0 = Debug|Any CPU
		{2BC9C97E-788A-46E3-A279-17542E10F52A}.Release|Any CPU.ActiveCfg = Release|Any CPU
		{2BC9C97E-788A-46E3-A279-17542E10F52A}.Release|Any CPU.Build.0 = Release|Any CPU
		{037D9D98-5900-4BD8-8B3C-BA4EEBA3BD6E}.Debug|Any CPU.ActiveCfg = Debug|Any CPU
		{037D9D98-5900-4BD8-8B3C-BA4EEBA3BD6E}.Debug|Any CPU.Build.0 = Debug|Any CPU
		{037D9D98-5900-4BD8-8B3C-BA4EEBA3BD6E}.Release|Any CPU.ActiveCfg = Release|Any CPU
		{037D9D98-5900-4BD8-8B3C-BA4EEBA3BD6E}.Release|Any CPU.Build.0 = Release|Any CPU
		{84997227-0422-4436-89A2-8D593647FA3D}.Debug|Any CPU.ActiveCfg = Debug|Any CPU
		{84997227-0422-4436-89A2-8D593647FA3D}.Debug|Any CPU.Build.0 = Debug|Any CPU
		{84997227-0422-4436-89A2-8D593647FA3D}.Release|Any CPU.ActiveCfg = Release|Any CPU
		{84997227-0422-4436-89A2-8D593647FA3D}.Release|Any CPU.Build.0 = Release|Any CPU
	EndGlobalSection
	GlobalSection(SolutionProperties) = preSolution
		HideSolutionNode = FALSE
	EndGlobalSection
	GlobalSection(ExtensibilityGlobals) = postSolution
		SolutionGuid = {B4D27411-3F40-4B8E-B476-ECC7480853E3}
	EndGlobalSection
EndGlobal
